// !$*UTF8*$!
{
	archiveVersion = 1;
	classes = {
	};
	objectVersion = 46;
	objects = {

/* Begin PBXBuildFile section */
		9F1D0DEA1CEDE18B00D4E951 /* MNRecommandViewController.swift in Sources */ = {isa = PBXBuildFile; fileRef = 9F1D0DE91CEDE18B00D4E951 /* MNRecommandViewController.swift */; };
		9F1D0DED1CEDE1CD00D4E951 /* MNNavgationController.swift in Sources */ = {isa = PBXBuildFile; fileRef = 9F1D0DEB1CEDE1CC00D4E951 /* MNNavgationController.swift */; };
		9F1D0DEE1CEDE1CD00D4E951 /* MNTabBarController.swift in Sources */ = {isa = PBXBuildFile; fileRef = 9F1D0DEC1CEDE1CD00D4E951 /* MNTabBarController.swift */; };
		9F1D0DF01CEDE21400D4E951 /* MNDiscoverViewController.swift in Sources */ = {isa = PBXBuildFile; fileRef = 9F1D0DEF1CEDE21400D4E951 /* MNDiscoverViewController.swift */; };
		9F1D0DF21CEDE25B00D4E951 /* MNTrendsViewContrller.swift in Sources */ = {isa = PBXBuildFile; fileRef = 9F1D0DF11CEDE25B00D4E951 /* MNTrendsViewContrller.swift */; };
		9F1D0DF41CEDE27400D4E951 /* MNMineViewContrller.swift in Sources */ = {isa = PBXBuildFile; fileRef = 9F1D0DF31CEDE27400D4E951 /* MNMineViewContrller.swift */; };
		9F1D0DF71CEDE78C00D4E951 /* MNTabBarItem.swift in Sources */ = {isa = PBXBuildFile; fileRef = 9F1D0DF61CEDE78C00D4E951 /* MNTabBarItem.swift */; };
		9F1D0DFC1CEDF4B800D4E951 /* MNView+Extension.swift in Sources */ = {isa = PBXBuildFile; fileRef = 9F1D0DFB1CEDF4B800D4E951 /* MNView+Extension.swift */; };
		9F29D65D1CEB6C16009AC42F /* Theme.swift in Sources */ = {isa = PBXBuildFile; fileRef = 9F29D65C1CEB6C16009AC42F /* Theme.swift */; };
		9F336E3E1CF0359E00779067 /* MNNavgationBar.swift in Sources */ = {isa = PBXBuildFile; fileRef = 9F336E3D1CF0359E00779067 /* MNNavgationBar.swift */; };
		9F336E421CF0380D00779067 /* MNTitleCell.swift in Sources */ = {isa = PBXBuildFile; fileRef = 9F336E411CF0380D00779067 /* MNTitleCell.swift */; };
		9F336E441CF0747E00779067 /* MNTitle.swift in Sources */ = {isa = PBXBuildFile; fileRef = 9F336E431CF0747E00779067 /* MNTitle.swift */; };
		9F336E4A1CF0857200779067 /* MNExploreViewController.swift in Sources */ = {isa = PBXBuildFile; fileRef = 9F336E491CF0857200779067 /* MNExploreViewController.swift */; };
		9F336E4C1CF085B500779067 /* MNFollowingViewController.swift in Sources */ = {isa = PBXBuildFile; fileRef = 9F336E4B1CF085B500779067 /* MNFollowingViewController.swift */; };
		9F336E4E1CF085EA00779067 /* MNVideoViewController.swift in Sources */ = {isa = PBXBuildFile; fileRef = 9F336E4D1CF085EA00779067 /* MNVideoViewController.swift */; };
		9F336E501CF0862500779067 /* MNMusicViewController.swift in Sources */ = {isa = PBXBuildFile; fileRef = 9F336E4F1CF0862500779067 /* MNMusicViewController.swift */; };
		9F336E521CF0867600779067 /* MNGalleryViewController.swift in Sources */ = {isa = PBXBuildFile; fileRef = 9F336E511CF0867600779067 /* MNGalleryViewController.swift */; };
		9F336E541CF0868400779067 /* MNTeaViewController.swift in Sources */ = {isa = PBXBuildFile; fileRef = 9F336E531CF0868400779067 /* MNTeaViewController.swift */; };
		9F4E6CEA1CF317CD00655CB3 /* MNExploreCell.swift in Sources */ = {isa = PBXBuildFile; fileRef = 9F4E6CE91CF317CD00655CB3 /* MNExploreCell.swift */; };
		9F4E6CEC1CF3180500655CB3 /* MNExploreCell.xib in Resources */ = {isa = PBXBuildFile; fileRef = 9F4E6CEB1CF3180500655CB3 /* MNExploreCell.xib */; };
		9F4E6CF01CF350E300655CB3 /* MNExploreEntityList.swift in Sources */ = {isa = PBXBuildFile; fileRef = 9F4E6CEF1CF350E300655CB3 /* MNExploreEntityList.swift */; };
		9F4E6CF21CF3512A00655CB3 /* MNExploreEntity.swift in Sources */ = {isa = PBXBuildFile; fileRef = 9F4E6CF11CF3512A00655CB3 /* MNExploreEntity.swift */; };
		9F4E6CF41CF3523100655CB3 /* MNMeow.swift in Sources */ = {isa = PBXBuildFile; fileRef = 9F4E6CF31CF3523100655CB3 /* MNMeow.swift */; };
		9F4E6CF61CF3542300655CB3 /* MNGroup.swift in Sources */ = {isa = PBXBuildFile; fileRef = 9F4E6CF51CF3542300655CB3 /* MNGroup.swift */; };
		9F4E6CF81CF3558F00655CB3 /* MNThumb.swift in Sources */ = {isa = PBXBuildFile; fileRef = 9F4E6CF71CF3558F00655CB3 /* MNThumb.swift */; };
		9F4E6CFA1CF356B500655CB3 /* MNMasterInfo.swift in Sources */ = {isa = PBXBuildFile; fileRef = 9F4E6CF91CF356B500655CB3 /* MNMasterInfo.swift */; };
		9F4E6CFC1CF3577300655CB3 /* MNCoordinate.swift in Sources */ = {isa = PBXBuildFile; fileRef = 9F4E6CFB1CF3577300655CB3 /* MNCoordinate.swift */; };
		9F4E6CFE1CF35A5100655CB3 /* MNCategory.swift in Sources */ = {isa = PBXBuildFile; fileRef = 9F4E6CFD1CF35A5100655CB3 /* MNCategory.swift */; };
		9F59347B1CE9ECAD00E69FC8 /* AppDelegate.swift in Sources */ = {isa = PBXBuildFile; fileRef = 9F59347A1CE9ECAD00E69FC8 /* AppDelegate.swift */; };
		9F5934821CE9ECAD00E69FC8 /* Assets.xcassets in Resources */ = {isa = PBXBuildFile; fileRef = 9F5934811CE9ECAD00E69FC8 /* Assets.xcassets */; };
		9F5934851CE9ECAD00E69FC8 /* LaunchScreen.storyboard in Resources */ = {isa = PBXBuildFile; fileRef = 9F5934831CE9ECAD00E69FC8 /* LaunchScreen.storyboard */; };
		9FA9B7141CF497CE009933A3 /* MNHttpTool.swift in Sources */ = {isa = PBXBuildFile; fileRef = 9FA9B7131CF497CE009933A3 /* MNHttpTool.swift */; };
		D365F2300E2CBB9CE75B2318 /* Pods.framework in Frameworks */ = {isa = PBXBuildFile; fileRef = 0B5392A0B847D0886FB2CCF8 /* Pods.framework */; };
/* End PBXBuildFile section */

/* Begin PBXFileReference section */
		0B5392A0B847D0886FB2CCF8 /* Pods.framework */ = {isa = PBXFileReference; explicitFileType = wrapper.framework; includeInIndex = 0; path = Pods.framework; sourceTree = BUILT_PRODUCTS_DIR; };
		48E166E41FD849AB9AA7D671 /* Pods.release.xcconfig */ = {isa = PBXFileReference; includeInIndex = 1; lastKnownFileType = text.xcconfig; name = Pods.release.xcconfig; path = "Pods/Target Support Files/Pods/Pods.release.xcconfig"; sourceTree = "<group>"; };
		8EBD8F68473D64CE968A6E5A /* Pods.debug.xcconfig */ = {isa = PBXFileReference; includeInIndex = 1; lastKnownFileType = text.xcconfig; name = Pods.debug.xcconfig; path = "Pods/Target Support Files/Pods/Pods.debug.xcconfig"; sourceTree = "<group>"; };
		9F1D0DE91CEDE18B00D4E951 /* MNRecommandViewController.swift */ = {isa = PBXFileReference; fileEncoding = 4; lastKnownFileType = sourcecode.swift; path = MNRecommandViewController.swift; sourceTree = "<group>"; };
		9F1D0DEB1CEDE1CC00D4E951 /* MNNavgationController.swift */ = {isa = PBXFileReference; fileEncoding = 4; lastKnownFileType = sourcecode.swift; path = MNNavgationController.swift; sourceTree = "<group>"; };
		9F1D0DEC1CEDE1CD00D4E951 /* MNTabBarController.swift */ = {isa = PBXFileReference; fileEncoding = 4; lastKnownFileType = sourcecode.swift; path = MNTabBarController.swift; sourceTree = "<group>"; };
		9F1D0DEF1CEDE21400D4E951 /* MNDiscoverViewController.swift */ = {isa = PBXFileReference; fileEncoding = 4; lastKnownFileType = sourcecode.swift; path = MNDiscoverViewController.swift; sourceTree = "<group>"; };
		9F1D0DF11CEDE25B00D4E951 /* MNTrendsViewContrller.swift */ = {isa = PBXFileReference; fileEncoding = 4; lastKnownFileType = sourcecode.swift; path = MNTrendsViewContrller.swift; sourceTree = "<group>"; };
		9F1D0DF31CEDE27400D4E951 /* MNMineViewContrller.swift */ = {isa = PBXFileReference; fileEncoding = 4; lastKnownFileType = sourcecode.swift; path = MNMineViewContrller.swift; sourceTree = "<group>"; };
		9F1D0DF61CEDE78C00D4E951 /* MNTabBarItem.swift */ = {isa = PBXFileReference; fileEncoding = 4; lastKnownFileType = sourcecode.swift; path = MNTabBarItem.swift; sourceTree = "<group>"; };
		9F1D0DFB1CEDF4B800D4E951 /* MNView+Extension.swift */ = {isa = PBXFileReference; fileEncoding = 4; lastKnownFileType = sourcecode.swift; path = "MNView+Extension.swift"; sourceTree = "<group>"; };
		9F29D65C1CEB6C16009AC42F /* Theme.swift */ = {isa = PBXFileReference; fileEncoding = 4; lastKnownFileType = sourcecode.swift; path = Theme.swift; sourceTree = "<group>"; };
		9F336E3D1CF0359E00779067 /* MNNavgationBar.swift */ = {isa = PBXFileReference; fileEncoding = 4; lastKnownFileType = sourcecode.swift; path = MNNavgationBar.swift; sourceTree = "<group>"; };
		9F336E411CF0380D00779067 /* MNTitleCell.swift */ = {isa = PBXFileReference; fileEncoding = 4; lastKnownFileType = sourcecode.swift; path = MNTitleCell.swift; sourceTree = "<group>"; };
		9F336E431CF0747E00779067 /* MNTitle.swift */ = {isa = PBXFileReference; fileEncoding = 4; lastKnownFileType = sourcecode.swift; path = MNTitle.swift; sourceTree = "<group>"; };
		9F336E491CF0857200779067 /* MNExploreViewController.swift */ = {isa = PBXFileReference; fileEncoding = 4; lastKnownFileType = sourcecode.swift; path = MNExploreViewController.swift; sourceTree = "<group>"; };
		9F336E4B1CF085B500779067 /* MNFollowingViewController.swift */ = {isa = PBXFileReference; fileEncoding = 4; lastKnownFileType = sourcecode.swift; path = MNFollowingViewController.swift; sourceTree = "<group>"; };
		9F336E4D1CF085EA00779067 /* MNVideoViewController.swift */ = {isa = PBXFileReference; fileEncoding = 4; lastKnownFileType = sourcecode.swift; path = MNVideoViewController.swift; sourceTree = "<group>"; };
		9F336E4F1CF0862500779067 /* MNMusicViewController.swift */ = {isa = PBXFileReference; fileEncoding = 4; lastKnownFileType = sourcecode.swift; path = MNMusicViewController.swift; sourceTree = "<group>"; };
		9F336E511CF0867600779067 /* MNGalleryViewController.swift */ = {isa = PBXFileReference; fileEncoding = 4; lastKnownFileType = sourcecode.swift; path = MNGalleryViewController.swift; sourceTree = "<group>"; };
		9F336E531CF0868400779067 /* MNTeaViewController.swift */ = {isa = PBXFileReference; fileEncoding = 4; lastKnownFileType = sourcecode.swift; path = MNTeaViewController.swift; sourceTree = "<group>"; };
		9F4E6CE91CF317CD00655CB3 /* MNExploreCell.swift */ = {isa = PBXFileReference; fileEncoding = 4; lastKnownFileType = sourcecode.swift; path = MNExploreCell.swift; sourceTree = "<group>"; };
		9F4E6CEB1CF3180500655CB3 /* MNExploreCell.xib */ = {isa = PBXFileReference; fileEncoding = 4; lastKnownFileType = file.xib; path = MNExploreCell.xib; sourceTree = "<group>"; };
		9F4E6CEF1CF350E300655CB3 /* MNExploreEntityList.swift */ = {isa = PBXFileReference; fileEncoding = 4; lastKnownFileType = sourcecode.swift; path = MNExploreEntityList.swift; sourceTree = "<group>"; };
		9F4E6CF11CF3512A00655CB3 /* MNExploreEntity.swift */ = {isa = PBXFileReference; fileEncoding = 4; lastKnownFileType = sourcecode.swift; path = MNExploreEntity.swift; sourceTree = "<group>"; };
		9F4E6CF31CF3523100655CB3 /* MNMeow.swift */ = {isa = PBXFileReference; fileEncoding = 4; lastKnownFileType = sourcecode.swift; path = MNMeow.swift; sourceTree = "<group>"; };
		9F4E6CF51CF3542300655CB3 /* MNGroup.swift */ = {isa = PBXFileReference; fileEncoding = 4; lastKnownFileType = sourcecode.swift; path = MNGroup.swift; sourceTree = "<group>"; };
		9F4E6CF71CF3558F00655CB3 /* MNThumb.swift */ = {isa = PBXFileReference; fileEncoding = 4; lastKnownFileType = sourcecode.swift; path = MNThumb.swift; sourceTree = "<group>"; };
		9F4E6CF91CF356B500655CB3 /* MNMasterInfo.swift */ = {isa = PBXFileReference; fileEncoding = 4; lastKnownFileType = sourcecode.swift; path = MNMasterInfo.swift; sourceTree = "<group>"; };
		9F4E6CFB1CF3577300655CB3 /* MNCoordinate.swift */ = {isa = PBXFileReference; fileEncoding = 4; lastKnownFileType = sourcecode.swift; path = MNCoordinate.swift; sourceTree = "<group>"; };
		9F4E6CFD1CF35A5100655CB3 /* MNCategory.swift */ = {isa = PBXFileReference; fileEncoding = 4; lastKnownFileType = sourcecode.swift; path = MNCategory.swift; sourceTree = "<group>"; };
		9F5934771CE9ECAC00E69FC8 /* Moon.app */ = {isa = PBXFileReference; explicitFileType = wrapper.application; includeInIndex = 0; path = Moon.app; sourceTree = BUILT_PRODUCTS_DIR; };
		9F59347A1CE9ECAD00E69FC8 /* AppDelegate.swift */ = {isa = PBXFileReference; lastKnownFileType = sourcecode.swift; path = AppDelegate.swift; sourceTree = "<group>"; };
		9F5934811CE9ECAD00E69FC8 /* Assets.xcassets */ = {isa = PBXFileReference; lastKnownFileType = folder.assetcatalog; name = Assets.xcassets; path = ../Assets.xcassets; sourceTree = "<group>"; };
		9F5934841CE9ECAD00E69FC8 /* Base */ = {isa = PBXFileReference; lastKnownFileType = file.storyboard; name = Base; path = Base.lproj/LaunchScreen.storyboard; sourceTree = "<group>"; };
		9F5934861CE9ECAD00E69FC8 /* Info.plist */ = {isa = PBXFileReference; lastKnownFileType = text.plist.xml; name = Info.plist; path = ../Info.plist; sourceTree = "<group>"; };
		9FA9B7131CF497CE009933A3 /* MNHttpTool.swift */ = {isa = PBXFileReference; fileEncoding = 4; lastKnownFileType = sourcecode.swift; path = MNHttpTool.swift; sourceTree = "<group>"; };
/* End PBXFileReference section */

/* Begin PBXFrameworksBuildPhase section */
		9F5934741CE9ECAC00E69FC8 /* Frameworks */ = {
			isa = PBXFrameworksBuildPhase;
			buildActionMask = 2147483647;
			files = (
				D365F2300E2CBB9CE75B2318 /* Pods.framework in Frameworks */,
			);
			runOnlyForDeploymentPostprocessing = 0;
		};
/* End PBXFrameworksBuildPhase section */

/* Begin PBXGroup section */
		53A648C882B301B75ED6BE39 /* Pods */ = {
			isa = PBXGroup;
			children = (
				8EBD8F68473D64CE968A6E5A /* Pods.debug.xcconfig */,
				48E166E41FD849AB9AA7D671 /* Pods.release.xcconfig */,
			);
			name = Pods;
			sourceTree = "<group>";
		};
		9B8BC74A8A381C20587B89E8 /* Frameworks */ = {
			isa = PBXGroup;
			children = (
				0B5392A0B847D0886FB2CCF8 /* Pods.framework */,
			);
			name = Frameworks;
			sourceTree = "<group>";
		};
		9F1D0DE01CEDD8EC00D4E951 /* Main */ = {
			isa = PBXGroup;
			children = (
				9F1D0DE81CEDE15400D4E951 /* Other */,
				9F1D0DE11CEDD8EC00D4E951 /* Controller */,
				9F1D0DE21CEDD8EC00D4E951 /* Model */,
				9F1D0DE31CEDD8EC00D4E951 /* View */,
			);
			path = Main;
			sourceTree = "<group>";
		};
		9F1D0DE11CEDD8EC00D4E951 /* Controller */ = {
			isa = PBXGroup;
			children = (
				9F1D0DE91CEDE18B00D4E951 /* MNRecommandViewController.swift */,
				9F1D0DEF1CEDE21400D4E951 /* MNDiscoverViewController.swift */,
				9F1D0DF11CEDE25B00D4E951 /* MNTrendsViewContrller.swift */,
				9F1D0DF31CEDE27400D4E951 /* MNMineViewContrller.swift */,
			);
			path = Controller;
			sourceTree = "<group>";
		};
		9F1D0DE21CEDD8EC00D4E951 /* Model */ = {
			isa = PBXGroup;
			children = (
				9F336E431CF0747E00779067 /* MNTitle.swift */,
			);
			path = Model;
			sourceTree = "<group>";
		};
		9F1D0DE31CEDD8EC00D4E951 /* View */ = {
			isa = PBXGroup;
			children = (
				9F336E3D1CF0359E00779067 /* MNNavgationBar.swift */,
				9F336E411CF0380D00779067 /* MNTitleCell.swift */,
			);
			path = View;
			sourceTree = "<group>";
		};
		9F1D0DE81CEDE15400D4E951 /* Other */ = {
			isa = PBXGroup;
			children = (
				9F1D0DEB1CEDE1CC00D4E951 /* MNNavgationController.swift */,
				9F1D0DEC1CEDE1CD00D4E951 /* MNTabBarController.swift */,
				9F1D0DF61CEDE78C00D4E951 /* MNTabBarItem.swift */,
			);
			path = Other;
			sourceTree = "<group>";
		};
		9F1D0DF51CEDE45C00D4E951 /* Other */ = {
			isa = PBXGroup;
			children = (
				9F5934811CE9ECAD00E69FC8 /* Assets.xcassets */,
				9F5934831CE9ECAD00E69FC8 /* LaunchScreen.storyboard */,
				9F5934861CE9ECAD00E69FC8 /* Info.plist */,
			);
			path = Other;
			sourceTree = "<group>";
		};
		9F1D0DFA1CEDF34500D4E951 /* Extension */ = {
			isa = PBXGroup;
			children = (
				9F1D0DFB1CEDF4B800D4E951 /* MNView+Extension.swift */,
			);
			path = Extension;
			sourceTree = "<group>";
		};
		9F29D65A1CEB6BE8009AC42F /* Classes */ = {
			isa = PBXGroup;
			children = (
				9F336E451CF0851D00779067 /* Explore */,
				9F1D0DE01CEDD8EC00D4E951 /* Main */,
				9F29D65B1CEB6BE8009AC42F /* Other */,
			);
			path = Classes;
			sourceTree = "<group>";
		};
		9F29D65B1CEB6BE8009AC42F /* Other */ = {
			isa = PBXGroup;
			children = (
				9FA9B7121CF49798009933A3 /* Tool */,
				9F1D0DFA1CEDF34500D4E951 /* Extension */,
				9F29D65C1CEB6C16009AC42F /* Theme.swift */,
			);
			path = Other;
			sourceTree = "<group>";
		};
		9F336E451CF0851D00779067 /* Explore */ = {
			isa = PBXGroup;
			children = (
				9F336E461CF0851D00779067 /* Controller */,
				9F336E471CF0851D00779067 /* Model */,
				9F336E481CF0851D00779067 /* View */,
			);
			path = Explore;
			sourceTree = "<group>";
		};
		9F336E461CF0851D00779067 /* Controller */ = {
			isa = PBXGroup;
			children = (
				9F336E491CF0857200779067 /* MNExploreViewController.swift */,
				9F336E4B1CF085B500779067 /* MNFollowingViewController.swift */,
				9F336E4D1CF085EA00779067 /* MNVideoViewController.swift */,
				9F336E4F1CF0862500779067 /* MNMusicViewController.swift */,
				9F336E511CF0867600779067 /* MNGalleryViewController.swift */,
				9F336E531CF0868400779067 /* MNTeaViewController.swift */,
			);
			path = Controller;
			sourceTree = "<group>";
		};
		9F336E471CF0851D00779067 /* Model */ = {
			isa = PBXGroup;
			children = (
				9F4E6CEF1CF350E300655CB3 /* MNExploreEntityList.swift */,
				9F4E6CF11CF3512A00655CB3 /* MNExploreEntity.swift */,
				9F4E6CF31CF3523100655CB3 /* MNMeow.swift */,
				9F4E6CF51CF3542300655CB3 /* MNGroup.swift */,
				9F4E6CF71CF3558F00655CB3 /* MNThumb.swift */,
				9F4E6CF91CF356B500655CB3 /* MNMasterInfo.swift */,
				9F4E6CFB1CF3577300655CB3 /* MNCoordinate.swift */,
				9F4E6CFD1CF35A5100655CB3 /* MNCategory.swift */,
			);
			path = Model;
			sourceTree = "<group>";
		};
		9F336E481CF0851D00779067 /* View */ = {
			isa = PBXGroup;
			children = (
				9F4E6CE91CF317CD00655CB3 /* MNExploreCell.swift */,
				9F4E6CEB1CF3180500655CB3 /* MNExploreCell.xib */,
			);
			path = View;
			sourceTree = "<group>";
		};
		9F59346E1CE9ECAC00E69FC8 = {
			isa = PBXGroup;
			children = (
				9F5934791CE9ECAD00E69FC8 /* Moon */,
				9F5934781CE9ECAC00E69FC8 /* Products */,
				53A648C882B301B75ED6BE39 /* Pods */,
				9B8BC74A8A381C20587B89E8 /* Frameworks */,
			);
			sourceTree = "<group>";
		};
		9F5934781CE9ECAC00E69FC8 /* Products */ = {
			isa = PBXGroup;
			children = (
				9F5934771CE9ECAC00E69FC8 /* Moon.app */,
			);
			name = Products;
			sourceTree = "<group>";
		};
		9F5934791CE9ECAD00E69FC8 /* Moon */ = {
			isa = PBXGroup;
			children = (
				9F59347A1CE9ECAD00E69FC8 /* AppDelegate.swift */,
				9F29D65A1CEB6BE8009AC42F /* Classes */,
				9F1D0DF51CEDE45C00D4E951 /* Other */,
			);
			path = Moon;
			sourceTree = "<group>";
		};
		9FA9B7121CF49798009933A3 /* Tool */ = {
			isa = PBXGroup;
			children = (
				9FA9B7131CF497CE009933A3 /* MNHttpTool.swift */,
			);
			path = Tool;
			sourceTree = "<group>";
		};
/* End PBXGroup section */

/* Begin PBXNativeTarget section */
		9F5934761CE9ECAC00E69FC8 /* Moon */ = {
			isa = PBXNativeTarget;
			buildConfigurationList = 9F5934891CE9ECAD00E69FC8 /* Build configuration list for PBXNativeTarget "Moon" */;
			buildPhases = (
				50B57FD7EC4CB44A91B18A94 /* Check Pods Manifest.lock */,
				9F5934731CE9ECAC00E69FC8 /* Sources */,
				9F5934741CE9ECAC00E69FC8 /* Frameworks */,
				9F5934751CE9ECAC00E69FC8 /* Resources */,
				1013EE6F0937F13858C681BE /* Embed Pods Frameworks */,
				C51143CC456C86247713E098 /* Copy Pods Resources */,
			);
			buildRules = (
			);
			dependencies = (
			);
			name = Moon;
			productName = Moon;
			productReference = 9F5934771CE9ECAC00E69FC8 /* Moon.app */;
			productType = "com.apple.product-type.application";
		};
/* End PBXNativeTarget section */

/* Begin PBXProject section */
		9F59346F1CE9ECAC00E69FC8 /* Project object */ = {
			isa = PBXProject;
			attributes = {
				CLASSPREFIX = MN;
				LastSwiftUpdateCheck = 0730;
				LastUpgradeCheck = 0730;
				ORGANIZATIONNAME = YKing;
				TargetAttributes = {
					9F5934761CE9ECAC00E69FC8 = {
						CreatedOnToolsVersion = 7.3.1;
						DevelopmentTeam = Q6FY8KD4PB;
					};
				};
			};
			buildConfigurationList = 9F5934721CE9ECAC00E69FC8 /* Build configuration list for PBXProject "Moon" */;
			compatibilityVersion = "Xcode 3.2";
			developmentRegion = English;
			hasScannedForEncodings = 0;
			knownRegions = (
				en,
				Base,
			);
			mainGroup = 9F59346E1CE9ECAC00E69FC8;
			productRefGroup = 9F5934781CE9ECAC00E69FC8 /* Products */;
			projectDirPath = "";
			projectRoot = "";
			targets = (
				9F5934761CE9ECAC00E69FC8 /* Moon */,
			);
		};
/* End PBXProject section */

/* Begin PBXResourcesBuildPhase section */
		9F5934751CE9ECAC00E69FC8 /* Resources */ = {
			isa = PBXResourcesBuildPhase;
			buildActionMask = 2147483647;
			files = (
				9F5934851CE9ECAD00E69FC8 /* LaunchScreen.storyboard in Resources */,
				9F5934821CE9ECAD00E69FC8 /* Assets.xcassets in Resources */,
				9F4E6CEC1CF3180500655CB3 /* MNExploreCell.xib in Resources */,
			);
			runOnlyForDeploymentPostprocessing = 0;
		};
/* End PBXResourcesBuildPhase section */

/* Begin PBXShellScriptBuildPhase section */
		1013EE6F0937F13858C681BE /* Embed Pods Frameworks */ = {
			isa = PBXShellScriptBuildPhase;
			buildActionMask = 2147483647;
			files = (
			);
			inputPaths = (
			);
			name = "Embed Pods Frameworks";
			outputPaths = (
			);
			runOnlyForDeploymentPostprocessing = 0;
			shellPath = /bin/sh;
			shellScript = "\"${SRCROOT}/Pods/Target Support Files/Pods/Pods-frameworks.sh\"\n";
			showEnvVarsInLog = 0;
		};
		50B57FD7EC4CB44A91B18A94 /* Check Pods Manifest.lock */ = {
			isa = PBXShellScriptBuildPhase;
			buildActionMask = 2147483647;
			files = (
			);
			inputPaths = (
			);
			name = "Check Pods Manifest.lock";
			outputPaths = (
			);
			runOnlyForDeploymentPostprocessing = 0;
			shellPath = /bin/sh;
			shellScript = "diff \"${PODS_ROOT}/../Podfile.lock\" \"${PODS_ROOT}/Manifest.lock\" > /dev/null\nif [[ $? != 0 ]] ; then\n    cat << EOM\nerror: The sandbox is not in sync with the Podfile.lock. Run 'pod install' or update your CocoaPods installation.\nEOM\n    exit 1\nfi\n";
			showEnvVarsInLog = 0;
		};
		C51143CC456C86247713E098 /* Copy Pods Resources */ = {
			isa = PBXShellScriptBuildPhase;
			buildActionMask = 2147483647;
			files = (
			);
			inputPaths = (
			);
			name = "Copy Pods Resources";
			outputPaths = (
			);
			runOnlyForDeploymentPostprocessing = 0;
			shellPath = /bin/sh;
			shellScript = "\"${SRCROOT}/Pods/Target Support Files/Pods/Pods-resources.sh\"\n";
			showEnvVarsInLog = 0;
		};
/* End PBXShellScriptBuildPhase section */

/* Begin PBXSourcesBuildPhase section */
		9F5934731CE9ECAC00E69FC8 /* Sources */ = {
			isa = PBXSourcesBuildPhase;
			buildActionMask = 2147483647;
			files = (
				9F4E6CEA1CF317CD00655CB3 /* MNExploreCell.swift in Sources */,
				9F4E6CFC1CF3577300655CB3 /* MNCoordinate.swift in Sources */,
				9F29D65D1CEB6C16009AC42F /* Theme.swift in Sources */,
				9F4E6CFA1CF356B500655CB3 /* MNMasterInfo.swift in Sources */,
				9F1D0DF21CEDE25B00D4E951 /* MNTrendsViewContrller.swift in Sources */,
				9F1D0DEA1CEDE18B00D4E951 /* MNRecommandViewController.swift in Sources */,
				9F336E4C1CF085B500779067 /* MNFollowingViewController.swift in Sources */,
				9F336E4A1CF0857200779067 /* MNExploreViewController.swift in Sources */,
				9F1D0DED1CEDE1CD00D4E951 /* MNNavgationController.swift in Sources */,
				9F4E6CF41CF3523100655CB3 /* MNMeow.swift in Sources */,
				9F1D0DEE1CEDE1CD00D4E951 /* MNTabBarController.swift in Sources */,
				9F336E4E1CF085EA00779067 /* MNVideoViewController.swift in Sources */,
				9F336E541CF0868400779067 /* MNTeaViewController.swift in Sources */,
				9F1D0DF71CEDE78C00D4E951 /* MNTabBarItem.swift in Sources */,
				9F59347B1CE9ECAD00E69FC8 /* AppDelegate.swift in Sources */,
				9F336E441CF0747E00779067 /* MNTitle.swift in Sources */,
				9F4E6CF21CF3512A00655CB3 /* MNExploreEntity.swift in Sources */,
				9F1D0DFC1CEDF4B800D4E951 /* MNView+Extension.swift in Sources */,
				9F4E6CF61CF3542300655CB3 /* MNGroup.swift in Sources */,
				9F336E521CF0867600779067 /* MNGalleryViewController.swift in Sources */,
				9F336E3E1CF0359E00779067 /* MNNavgationBar.swift in Sources */,
				9F4E6CF01CF350E300655CB3 /* MNExploreEntityList.swift in Sources */,
				9F336E421CF0380D00779067 /* MNTitleCell.swift in Sources */,
				9F336E501CF0862500779067 /* MNMusicViewController.swift in Sources */,
				9F4E6CFE1CF35A5100655CB3 /* MNCategory.swift in Sources */,
				9F1D0DF01CEDE21400D4E951 /* MNDiscoverViewController.swift in Sources */,
				9F4E6CF81CF3558F00655CB3 /* MNThumb.swift in Sources */,
				9F1D0DF41CEDE27400D4E951 /* MNMineViewContrller.swift in Sources */,
				9FA9B7141CF497CE009933A3 /* MNHttpTool.swift in Sources */,
			);
			runOnlyForDeploymentPostprocessing = 0;
		};
/* End PBXSourcesBuildPhase section */

/* Begin PBXVariantGroup section */
		9F5934831CE9ECAD00E69FC8 /* LaunchScreen.storyboard */ = {
			isa = PBXVariantGroup;
			children = (
				9F5934841CE9ECAD00E69FC8 /* Base */,
			);
			name = LaunchScreen.storyboard;
			path = ..;
			sourceTree = "<group>";
		};
/* End PBXVariantGroup section */

/* Begin XCBuildConfiguration section */
		9F5934871CE9ECAD00E69FC8 /* Debug */ = {
			isa = XCBuildConfiguration;
			buildSettings = {
				ALWAYS_SEARCH_USER_PATHS = NO;
				CLANG_ANALYZER_NONNULL = YES;
				CLANG_CXX_LANGUAGE_STANDARD = "gnu++0x";
				CLANG_CXX_LIBRARY = "libc++";
				CLANG_ENABLE_MODULES = YES;
				CLANG_ENABLE_OBJC_ARC = YES;
				CLANG_WARN_BOOL_CONVERSION = YES;
				CLANG_WARN_CONSTANT_CONVERSION = YES;
				CLANG_WARN_DIRECT_OBJC_ISA_USAGE = YES_ERROR;
				CLANG_WARN_EMPTY_BODY = YES;
				CLANG_WARN_ENUM_CONVERSION = YES;
				CLANG_WARN_INT_CONVERSION = YES;
				CLANG_WARN_OBJC_ROOT_CLASS = YES_ERROR;
				CLANG_WARN_UNREACHABLE_CODE = YES;
				CLANG_WARN__DUPLICATE_METHOD_MATCH = YES;
				"CODE_SIGN_IDENTITY[sdk=iphoneos*]" = "iPhone Developer";
				COPY_PHASE_STRIP = NO;
				DEBUG_INFORMATION_FORMAT = dwarf;
				ENABLE_STRICT_OBJC_MSGSEND = YES;
				ENABLE_TESTABILITY = YES;
				GCC_C_LANGUAGE_STANDARD = gnu99;
				GCC_DYNAMIC_NO_PIC = NO;
				GCC_NO_COMMON_BLOCKS = YES;
				GCC_OPTIMIZATION_LEVEL = 0;
				GCC_PREPROCESSOR_DEFINITIONS = (
					"DEBUG=1",
					"$(inherited)",
				);
				GCC_WARN_64_TO_32_BIT_CONVERSION = YES;
				GCC_WARN_ABOUT_RETURN_TYPE = YES_ERROR;
				GCC_WARN_UNDECLARED_SELECTOR = YES;
				GCC_WARN_UNINITIALIZED_AUTOS = YES_AGGRESSIVE;
				GCC_WARN_UNUSED_FUNCTION = YES;
				GCC_WARN_UNUSED_VARIABLE = YES;
				IPHONEOS_DEPLOYMENT_TARGET = 9.3;
				MTL_ENABLE_DEBUG_INFO = YES;
				ONLY_ACTIVE_ARCH = YES;
				SDKROOT = iphoneos;
				SWIFT_OPTIMIZATION_LEVEL = "-Onone";
			};
			name = Debug;
		};
		9F5934881CE9ECAD00E69FC8 /* Release */ = {
			isa = XCBuildConfiguration;
			buildSettings = {
				ALWAYS_SEARCH_USER_PATHS = NO;
				CLANG_ANALYZER_NONNULL = YES;
				CLANG_CXX_LANGUAGE_STANDARD = "gnu++0x";
				CLANG_CXX_LIBRARY = "libc++";
				CLANG_ENABLE_MODULES = YES;
				CLANG_ENABLE_OBJC_ARC = YES;
				CLANG_WARN_BOOL_CONVERSION = YES;
				CLANG_WARN_CONSTANT_CONVERSION = YES;
				CLANG_WARN_DIRECT_OBJC_ISA_USAGE = YES_ERROR;
				CLANG_WARN_EMPTY_BODY = YES;
				CLANG_WARN_ENUM_CONVERSION = YES;
				CLANG_WARN_INT_CONVERSION = YES;
				CLANG_WARN_OBJC_ROOT_CLASS = YES_ERROR;
				CLANG_WARN_UNREACHABLE_CODE = YES;
				CLANG_WARN__DUPLICATE_METHOD_MATCH = YES;
				"CODE_SIGN_IDENTITY[sdk=iphoneos*]" = "iPhone Developer";
				COPY_PHASE_STRIP = NO;
				DEBUG_INFORMATION_FORMAT = "dwarf-with-dsym";
				ENABLE_NS_ASSERTIONS = NO;
				ENABLE_STRICT_OBJC_MSGSEND = YES;
				GCC_C_LANGUAGE_STANDARD = gnu99;
				GCC_NO_COMMON_BLOCKS = YES;
				GCC_WARN_64_TO_32_BIT_CONVERSION = YES;
				GCC_WARN_ABOUT_RETURN_TYPE = YES_ERROR;
				GCC_WARN_UNDECLARED_SELECTOR = YES;
				GCC_WARN_UNINITIALIZED_AUTOS = YES_AGGRESSIVE;
				GCC_WARN_UNUSED_FUNCTION = YES;
				GCC_WARN_UNUSED_VARIABLE = YES;
				IPHONEOS_DEPLOYMENT_TARGET = 9.3;
				MTL_ENABLE_DEBUG_INFO = NO;
				SDKROOT = iphoneos;
				VALIDATE_PRODUCT = YES;
			};
			name = Release;
		};
		9F59348A1CE9ECAD00E69FC8 /* Debug */ = {
			isa = XCBuildConfiguration;
			baseConfigurationReference = 8EBD8F68473D64CE968A6E5A /* Pods.debug.xcconfig */;
			buildSettings = {
				ASSETCATALOG_COMPILER_APPICON_NAME = AppIcon;
				INFOPLIST_FILE = Moon/Info.plist;
				IPHONEOS_DEPLOYMENT_TARGET = 9.3;
				LD_RUNPATH_SEARCH_PATHS = "$(inherited) @executable_path/Frameworks";
				PRODUCT_BUNDLE_IDENTIFIER = com.yk.mono.Moon;
				PRODUCT_NAME = "$(TARGET_NAME)";
			};
			name = Debug;
		};
		9F59348B1CE9ECAD00E69FC8 /* Release */ = {
			isa = XCBuildConfiguration;
			baseConfigurationReference = 48E166E41FD849AB9AA7D671 /* Pods.release.xcconfig */;
			buildSettings = {
				ASSETCATALOG_COMPILER_APPICON_NAME = AppIcon;
				INFOPLIST_FILE = Moon/Info.plist;
				IPHONEOS_DEPLOYMENT_TARGET = 9.3;
				LD_RUNPATH_SEARCH_PATHS = "$(inherited) @executable_path/Frameworks";
				PRODUCT_BUNDLE_IDENTIFIER = com.yk.mono.Moon;
				PRODUCT_NAME = "$(TARGET_NAME)";
			};
			name = Release;
		};
/* End XCBuildConfiguration section */

/* Begin XCConfigurationList section */
		9F5934721CE9ECAC00E69FC8 /* Build configuration list for PBXProject "Moon" */ = {
			isa = XCConfigurationList;
			buildConfigurations = (
				9F5934871CE9ECAD00E69FC8 /* Debug */,
				9F5934881CE9ECAD00E69FC8 /* Release */,
			);
			defaultConfigurationIsVisible = 0;
			defaultConfigurationName = Release;
		};
		9F5934891CE9ECAD00E69FC8 /* Build configuration list for PBXNativeTarget "Moon" */ = {
			isa = XCConfigurationList;
			buildConfigurations = (
				9F59348A1CE9ECAD00E69FC8 /* Debug */,
				9F59348B1CE9ECAD00E69FC8 /* Release */,
			);
			defaultConfigurationIsVisible = 0;
			defaultConfigurationName = Release;
		};
/* End XCConfigurationList section */
	};
	rootObject = 9F59346F1CE9ECAC00E69FC8 /* Project object */;
}
